
Microsoft Visual Studio Solution File, Format Version 12.00
# Visual Studio Version 16
VisualStudioVersion = 16.0.32602.291
MinimumVisualStudioVersion = 10.0.40219.1
Project("{9A19103F-16F7-4668-BE54-9A1E7A4F7556}") = "Entities", "Entities\Entities.csproj", "{F912D45A-E654-4868-95C0-3FB0EE4BCF05}"
EndProject
Project("{9A19103F-16F7-4668-BE54-9A1E7A4F7556}") = "DataAccess", "DataAccess\DataAccess.csproj", "{57356672-A73D-42FA-87DB-84CF7C47BB14}"
EndProject
Project("{9A19103F-16F7-4668-BE54-9A1E7A4F7556}") = "Business", "Business\Business.csproj", "{5C659156-6CEC-4CF2-B140-D54DB0E6F603}"
EndProject
Project("{9A19103F-16F7-4668-BE54-9A1E7A4F7556}") = "Core", "Core\Core.csproj", "{BF32814B-1EC7-47E5-9F11-18BDD9E60D06}"
EndProject
Project("{9A19103F-16F7-4668-BE54-9A1E7A4F7556}") = "WebAPI", "WebAPI\WebAPI.csproj", "{9466D4E5-7CEC-47F8-B96C-5F44AE4679D7}"
EndProject
Global
	GlobalSection(SolutionConfigurationPlatforms) = preSolution
		Debug|Any CPU = Debug|Any CPU
		Release|Any CPU = Release|Any CPU
	EndGlobalSection
	GlobalSection(ProjectConfigurationPlatforms) = postSolution
		{F912D45A-E654-4868-95C0-3FB0EE4BCF05}.Debug|Any CPU.ActiveCfg = Debug|Any CPU
		{F912D45A-E654-4868-95C0-3FB0EE4BCF05}.Debug|Any CPU.Build.0 = Debug|Any CPU
		{F912D45A-E654-4868-95C0-3FB0EE4BCF05}.Release|Any CPU.ActiveCfg = Release|Any CPU
		{F912D45A-E654-4868-95C0-3FB0EE4BCF05}.Release|Any CPU.Build.0 = Release|Any CPU
		{57356672-A73D-42FA-87DB-84CF7C47BB14}.Debug|Any CPU.ActiveCfg = Debug|Any CPU
		{57356672-A73D-42FA-87DB-84CF7C47BB14}.Debug|Any CPU.Build.0 = Debug|Any CPU
		{57356672-A73D-42FA-87DB-84CF7C47BB14}.Release|Any CPU.ActiveCfg = Release|Any CPU
		{57356672-A73D-42FA-87DB-84CF7C47BB14}.Release|Any CPU.Build.0 = Release|Any CPU
		{5C659156-6CEC-4CF2-B140-D54DB0E6F603}.Debug|Any CPU.ActiveCfg = Debug|Any CPU
		{5C659156-6CEC-4CF2-B140-D54DB0E6F603}.Debug|Any CPU.Build.0 = Debug|Any CPU
		{5C659156-6CEC-4CF2-B140-D54DB0E6F603}.Release|Any CPU.ActiveCfg = Release|Any CPU
		{5C659156-6CEC-4CF2-B140-D54DB0E6F603}.Release|Any CPU.Build.0 = Release|Any CPU
		{BF32814B-1EC7-47E5-9F11-18BDD9E60D06}.Debug|Any CPU.ActiveCfg = Debug|Any CPU
		{BF32814B-1EC7-47E5-9F11-18BDD9E60D06}.Debug|Any CPU.Build.0 = Debug|Any CPU
		{BF32814B-1EC7-47E5-9F11-18BDD9E60D06}.Release|Any CPU.ActiveCfg = Release|Any CPU
		{BF32814B-1EC7-47E5-9F11-18BDD9E60D06}.Release|Any CPU.Build.0 = Release|Any CPU
		{9466D4E5-7CEC-47F8-B96C-5F44AE4679D7}.Debug|Any CPU.ActiveCfg = Debug|Any CPU
		{9466D4E5-7CEC-47F8-B96C-5F44AE4679D7}.Debug|Any CPU.Build.0 = Debug|Any CPU
		{9466D4E5-7CEC-47F8-B96C-5F44AE4679D7}.Release|Any CPU.ActiveCfg = Release|Any CPU
		{9466D4E5-7CEC-47F8-B96C-5F44AE4679D7}.Release|Any CPU.Build.0 = Release|Any CPU
	EndGlobalSection
	GlobalSection(SolutionProperties) = preSolution
		HideSolutionNode = FALSE
	EndGlobalSection
	GlobalSection(ExtensibilityGlobals) = postSolution
		SolutionGuid = {137CA854-3415-488F-BF03-E91F659DDCC0}
	EndGlobalSection
EndGlobal
